<Solution>
  <Folder Name="/Solution Items/">
    <File Path="README.md" />
    <File Path="ToDo.txt" />
  </Folder>
  <Project Path="CopilotDeepSeek.Database/CopilotDeepSeek.Database.csproj" />
  <Project Path="CopilotDeepSeek/CopilotDeepSeek.csproj" />
  <Project Path="CopilotDeepSeekTests/CopilotDeepSeekTests.csproj" />
  <Project Path="Portal/portal.esproj">
    <Build />
    <Deploy />
  </Project>
</Solution>
